
Microsoft Visual Studio Solution File, Format Version 12.00
# Visual Studio 15
Project("{FAE04EC0-301F-11D3-BF4B-00C04F79EFBC}") = "Unity.Timeline", "Unity.Timeline.csproj", "{1834103F-5883-0A07-5111-8D25A047984A}"
EndProject
Project("{FAE04EC0-301F-11D3-BF4B-00C04F79EFBC}") = "Unity.PlasticSCM.Editor", "Unity.PlasticSCM.Editor.csproj", "{B499F58F-A6FE-31D5-6F5D-18146E06B520}"
EndProject
Project("{FAE04EC0-301F-11D3-BF4B-00C04F79EFBC}") = "Unity.2D.Aseprite.Editor", "Unity.2D.Aseprite.Editor.csproj", "{62690661-93DF-9120-040A-791C924BBD45}"
EndProject
Project("{FAE04EC0-301F-11D3-BF4B-00C04F79EFBC}") = "Unity.Localization", "Unity.Localization.csproj", "{681351D7-75FE-D690-6C8D-1AE0B3A1BA69}"
EndProject
Project("{FAE04EC0-301F-11D3-BF4B-00C04F79EFBC}") = "Unity.ScriptableBuildPipeline.Editor", "Unity.ScriptableBuildPipeline.Editor.csproj", "{AD89084F-4101-2547-C996-0DAB0828077E}"
EndProject
Project("{FAE04EC0-301F-11D3-BF4B-00C04F79EFBC}") = "Unity.Mathematics", "Unity.Mathematics.csproj", "{A08CF2D0-2ED5-0066-0342-2D7E83C75DEF}"
EndProject
Project("{FAE04EC0-301F-11D3-BF4B-00C04F79EFBC}") = "Unity.Timeline.Editor", "Unity.Timeline.Editor.csproj", "{1999AE9B-7E8A-B173-9F13-E2D5089F08B8}"
EndProject
Project("{FAE04EC0-301F-11D3-BF4B-00C04F79EFBC}") = "Assembly-CSharp", "Assembly-CSharp.csproj", "{FFCA870A-F2AA-C45A-9755-6598AB81DE93}"
EndProject
Project("{FAE04EC0-301F-11D3-BF4B-00C04F79EFBC}") = "Unity.2D.IK.Runtime", "Unity.2D.IK.Runtime.csproj", "{BB5A0D9E-6124-C7F6-9460-C1CBD82A4F95}"
EndProject
Project("{FAE04EC0-301F-11D3-BF4B-00C04F79EFBC}") = "Unity.Addressables.Editor", "Unity.Addressables.Editor.csproj", "{6471D92E-DAD6-1DEF-77BE-D467C8199729}"
EndProject
Project("{FAE04EC0-301F-11D3-BF4B-00C04F79EFBC}") = "Unity.Collections", "Unity.Collections.csproj", "{61C1967D-FC72-F8F4-26B0-57F26BCA24EB}"
EndProject
Project("{FAE04EC0-301F-11D3-BF4B-00C04F79EFBC}") = "Unity.2D.Psdimporter.Editor", "Unity.2D.Psdimporter.Editor.csproj", "{6218A409-2C9D-1E26-21BD-DFB8E5D3CE05}"
EndProject
Project("{FAE04EC0-301F-11D3-BF4B-00C04F79EFBC}") = "Unity.VisualScripting.Core.Editor", "Unity.VisualScripting.Core.Editor.csproj", "{3FEE72C5-DDDA-1A6D-616A-FAD36943C64B}"
EndProject
Project("{FAE04EC0-301F-11D3-BF4B-00C04F79EFBC}") = "Unity.PerformanceTesting.Editor", "Unity.PerformanceTesting.Editor.csproj", "{B05980DC-83FE-8426-3F9E-4E719BD9BF9A}"
EndProject
Project("{FAE04EC0-301F-11D3-BF4B-00C04F79EFBC}") = "Unity.Localization.Editor", "Unity.Localization.Editor.csproj", "{90EC13C6-B3B5-E348-317C-6BEB9FE90A9B}"
EndProject
Project("{FAE04EC0-301F-11D3-BF4B-00C04F79EFBC}") = "UnityEngine.TestRunner", "UnityEngine.TestRunner.csproj", "{C0B8944B-381B-FDE0-EBE8-09C574FE1930}"
EndProject
Project("{FAE04EC0-301F-11D3-BF4B-00C04F79EFBC}") = "Unity.Burst", "Unity.Burst.csproj", "{70FF8FB6-759C-9108-A885-C3D889716925}"
EndProject
Project("{FAE04EC0-301F-11D3-BF4B-00C04F79EFBC}") = "Unity.VisualScripting.Flow.Editor", "Unity.VisualScripting.Flow.Editor.csproj", "{4C97FCAC-A1A9-553C-4FC5-D282248B4ED1}"
EndProject
Project("{FAE04EC0-301F-11D3-BF4B-00C04F79EFBC}") = "Unity.2D.SpriteShape.Editor", "Unity.2D.SpriteShape.Editor.csproj", "{3827972B-67D8-2574-04C7-A75AD544B9BA}"
EndProject
Project("{FAE04EC0-301F-11D3-BF4B-00C04F79EFBC}") = "Unity.InputSystem", "Unity.InputSystem.csproj", "{3820DFFE-3BB3-BD2F-6959-428DAECE19C2}"
EndProject
Project("{FAE04EC0-301F-11D3-BF4B-00C04F79EFBC}") = "Unity.VisualStudio.Editor", "Unity.VisualStudio.Editor.csproj", "{8CC92777-3D1E-E416-4D87-0E9B24AD3114}"
EndProject
Project("{FAE04EC0-301F-11D3-BF4B-00C04F79EFBC}") = "Unity.2D.Animation.Editor", "Unity.2D.Animation.Editor.csproj", "{E241F99B-43D3-DF18-2A38-C1314851347F}"
EndProject
Project("{FAE04EC0-301F-11D3-BF4B-00C04F79EFBC}") = "Unity.Searcher.Editor", "Unity.Searcher.Editor.csproj", "{EC08F985-8C99-F872-4D3F-D21F64A56136}"
EndProject
Project("{FAE04EC0-301F-11D3-BF4B-00C04F79EFBC}") = "Unity.ResourceManager", "Unity.ResourceManager.csproj", "{14973E7D-610C-1E18-92D8-5FE64EB51B1F}"
EndProject
Project("{FAE04EC0-301F-11D3-BF4B-00C04F79EFBC}") = "Unity.2D.SpriteShape.Runtime", "Unity.2D.SpriteShape.Runtime.csproj", "{2F59A925-F422-ECD2-3343-B3DDB3A3E3B4}"
EndProject
Project("{FAE04EC0-301F-11D3-BF4B-00C04F79EFBC}") = "HeroEditor4D", "HeroEditor4D.csproj", "{D8A07CF0-92F6-DF21-BC45-E09531490680}"
EndProject
Project("{FAE04EC0-301F-11D3-BF4B-00C04F79EFBC}") = "UnityEditor.TestRunner", "UnityEditor.TestRunner.csproj", "{E0F79B26-ECC1-D1DF-247E-F731F46ED40C}"
EndProject
Project("{FAE04EC0-301F-11D3-BF4B-00C04F79EFBC}") = "Unity.VisualScripting.Core", "Unity.VisualScripting.Core.csproj", "{CF2B5616-176F-56FD-96F5-C8B7D3440A14}"
EndProject
Project("{FAE04EC0-301F-11D3-BF4B-00C04F79EFBC}") = "Unity.CollabProxy.Editor", "Unity.CollabProxy.Editor.csproj", "{DEAEB758-AEC6-1635-32F4-ABDED28827A7}"
EndProject
Project("{FAE04EC0-301F-11D3-BF4B-00C04F79EFBC}") = "Unity.VisualScripting.State.Editor", "Unity.VisualScripting.State.Editor.csproj", "{94569EBE-2811-DAB7-87F9-1B8EACB33F05}"
EndProject
Project("{FAE04EC0-301F-11D3-BF4B-00C04F79EFBC}") = "Game.Tests.EditMode", "Game.Tests.EditMode.csproj", "{888794D5-D7EC-4F02-DD17-D8D989DB1CBF}"
EndProject
Project("{FAE04EC0-301F-11D3-BF4B-00C04F79EFBC}") = "Unity.Burst.CodeGen", "Unity.Burst.CodeGen.csproj", "{9A68212D-43A6-45AA-D195-76492FF7EC60}"
EndProject
Project("{FAE04EC0-301F-11D3-BF4B-00C04F79EFBC}") = "Unity.Addressables.Editor.Tests.DocExampleCode", "Unity.Addressables.Editor.Tests.DocExampleCode.csproj", "{B6A1944A-43F9-1E2E-8721-4271C951C9C2}"
EndProject
Project("{FAE04EC0-301F-11D3-BF4B-00C04F79EFBC}") = "Unity.VisualScripting.Flow", "Unity.VisualScripting.Flow.csproj", "{4C1EBE91-1256-A96E-ED86-48D909E15894}"
EndProject
Project("{FAE04EC0-301F-11D3-BF4B-00C04F79EFBC}") = "Unity.PerformanceTesting", "Unity.PerformanceTesting.csproj", "{670E08F1-6D49-6F2C-852A-3E2D8792AB4B}"
EndProject
Project("{FAE04EC0-301F-11D3-BF4B-00C04F79EFBC}") = "Unity.2D.Tilemap.Extras.Editor", "Unity.2D.Tilemap.Extras.Editor.csproj", "{B6F1BEDD-728F-9084-57ED-865CFAB1083B}"
EndProject
Project("{FAE04EC0-301F-11D3-BF4B-00C04F79EFBC}") = "Unity.InternalAPIEngineBridge.013", "Unity.InternalAPIEngineBridge.013.csproj", "{8C5E45CB-EE85-F6C0-68D8-58C84EE00EE4}"
EndProject
Project("{FAE04EC0-301F-11D3-BF4B-00C04F79EFBC}") = "Game.Map", "Game.Map.csproj", "{D64E9FFC-206D-0D84-3990-398060D0EBC1}"
EndProject
Project("{FAE04EC0-301F-11D3-BF4B-00C04F79EFBC}") = "PsdPlugin", "PsdPlugin.csproj", "{95A88F0E-5A6B-18F8-5BBA-BE157EB2723E}"
EndProject
Project("{FAE04EC0-301F-11D3-BF4B-00C04F79EFBC}") = "Game.Core", "Game.Core.csproj", "{65217C3B-6966-C93D-9971-A8716020FF7F}"
EndProject
Project("{FAE04EC0-301F-11D3-BF4B-00C04F79EFBC}") = "Unity.2D.IK.Editor", "Unity.2D.IK.Editor.csproj", "{57760565-25DF-77BB-AB40-CD307AF8DC13}"
EndProject
Project("{FAE04EC0-301F-11D3-BF4B-00C04F79EFBC}") = "Unity.InternalAPIEngineBridge.001", "Unity.InternalAPIEngineBridge.001.csproj", "{6272331C-7BD3-EF39-7AEA-78EA1A01E03A}"
EndProject
Project("{FAE04EC0-301F-11D3-BF4B-00C04F79EFBC}") = "Unity.2D.Aseprite.Common", "Unity.2D.Aseprite.Common.csproj", "{110994AC-AF8F-AA94-5A8B-02019BB36DEC}"
EndProject
Project("{FAE04EC0-301F-11D3-BF4B-00C04F79EFBC}") = "Unity.Burst.Editor", "Unity.Burst.Editor.csproj", "{23988ECD-27C7-902D-8C24-16C661C30DAB}"
EndProject
Project("{FAE04EC0-301F-11D3-BF4B-00C04F79EFBC}") = "Unity.2D.Common.Path.Editor", "Unity.2D.Common.Path.Editor.csproj", "{7119A2B7-8FD8-646B-75D5-E037FF1D6DB4}"
EndProject
Project("{FAE04EC0-301F-11D3-BF4B-00C04F79EFBC}") = "Unity.2D.Common.Editor", "Unity.2D.Common.Editor.csproj", "{5FC172E8-916E-932B-EC55-93F450D15B0F}"
EndProject
Project("{FAE04EC0-301F-11D3-BF4B-00C04F79EFBC}") = "Unity.Rider.Editor", "Unity.Rider.Editor.csproj", "{190D0734-BA46-D5DF-C22D-A16E66CC9944}"
EndProject
Project("{FAE04EC0-301F-11D3-BF4B-00C04F79EFBC}") = "Unity.VisualScripting.State", "Unity.VisualScripting.State.csproj", "{9625A156-5F93-8FD0-ED29-B5F1225D7AE8}"
EndProject
Project("{FAE04EC0-301F-11D3-BF4B-00C04F79EFBC}") = "Unity.InternalAPIEditorBridge.001", "Unity.InternalAPIEditorBridge.001.csproj", "{DF51E33B-F75F-9CB5-4111-8FE98A6A0BF3}"
EndProject
Project("{FAE04EC0-301F-11D3-BF4B-00C04F79EFBC}") = "Assembly-CSharp-Editor", "Assembly-CSharp-Editor.csproj", "{2B9AB392-CC8B-A842-0F0F-1BCC6C064138}"
EndProject
Project("{FAE04EC0-301F-11D3-BF4B-00C04F79EFBC}") = "Unity.InternalAPIEditorBridge.013", "Unity.InternalAPIEditorBridge.013.csproj", "{BA9F15A4-2AA4-77CA-E645-138EE4886D38}"
EndProject
Project("{FAE04EC0-301F-11D3-BF4B-00C04F79EFBC}") = "Unity.2D.PixelPerfect.Editor", "Unity.2D.PixelPerfect.Editor.csproj", "{45F25025-7F10-B9FD-5A21-6605E95BA6B0}"
EndProject
Project("{FAE04EC0-301F-11D3-BF4B-00C04F79EFBC}") = "Game.UI", "Game.UI.csproj", "{9B567079-6673-7E94-D2E2-18E9B213FA56}"
EndProject
Project("{FAE04EC0-301F-11D3-BF4B-00C04F79EFBC}") = "Unity.InputSystem.ForUI", "Unity.InputSystem.ForUI.csproj", "{39E24F33-BA4F-3591-A6C3-0E8CE89AD4DE}"
EndProject
Project("{FAE04EC0-301F-11D3-BF4B-00C04F79EFBC}") = "Unity.Collections.CodeGen", "Unity.Collections.CodeGen.csproj", "{B6D7E36E-EA73-2E96-3AF7-0BC83F5AD0D4}"
EndProject
Project("{FAE04EC0-301F-11D3-BF4B-00C04F79EFBC}") = "Unity.2D.Tilemap.Extras", "Unity.2D.Tilemap.Extras.csproj", "{AE7362BA-78F6-0775-5C2C-EC5A7CE6C0C7}"
EndProject
Project("{FAE04EC0-301F-11D3-BF4B-00C04F79EFBC}") = "Unity.Addressables", "Unity.Addressables.csproj", "{E6E79FF3-D5CC-08CA-3691-1A2A26C81485}"
EndProject
Project("{FAE04EC0-301F-11D3-BF4B-00C04F79EFBC}") = "Unity.2D.Animation.Runtime", "Unity.2D.Animation.Runtime.csproj", "{B8A9A96B-EB32-7DEF-B5A6-CF162A25E1ED}"
EndProject
Project("{FAE04EC0-301F-11D3-BF4B-00C04F79EFBC}") = "Unity.Mathematics.Editor", "Unity.Mathematics.Editor.csproj", "{BF6AEDB9-CD55-FD2D-8359-0F3C645F8456}"
EndProject
Project("{FAE04EC0-301F-11D3-BF4B-00C04F79EFBC}") = "Unity.VisualScripting.SettingsProvider.Editor", "Unity.VisualScripting.SettingsProvider.Editor.csproj", "{D54599BD-02AE-ECA7-6587-1D49C4560114}"
EndProject
Project("{FAE04EC0-301F-11D3-BF4B-00C04F79EFBC}") = "Game.Editor", "Game.Editor.csproj", "{4EC90E7F-AFDF-22FD-C416-7E0735B722A0}"
EndProject
Project("{FAE04EC0-301F-11D3-BF4B-00C04F79EFBC}") = "Unity.InputSystem.TestFramework", "Unity.InputSystem.TestFramework.csproj", "{EAAD23BC-27A7-78B2-9B8A-1D6932B7E7B4}"
EndProject
Project("{FAE04EC0-301F-11D3-BF4B-00C04F79EFBC}") = "Unity.VisualScripting.Shared.Editor", "Unity.VisualScripting.Shared.Editor.csproj", "{E8F091A8-D56F-735E-349F-DF1E8E276171}"
EndProject
Project("{FAE04EC0-301F-11D3-BF4B-00C04F79EFBC}") = "Unity.Profiling.Core", "Unity.Profiling.Core.csproj", "{27C8E67C-4F13-4B68-FEBE-95ED96A31905}"
EndProject
Project("{FAE04EC0-301F-11D3-BF4B-00C04F79EFBC}") = "SimpleTooltip", "SimpleTooltip.csproj", "{9E583D12-C73C-7ECD-45C3-959963921273}"
EndProject
Project("{FAE04EC0-301F-11D3-BF4B-00C04F79EFBC}") = "HeroEditor4D.EditorScripts", "HeroEditor4D.EditorScripts.csproj", "{A6D0AF31-F721-03DF-91A8-CC0F4412D82E}"
EndProject
Project("{FAE04EC0-301F-11D3-BF4B-00C04F79EFBC}") = "HeroEditor4D.Editor", "HeroEditor4D.Editor.csproj", "{9E2EA6C3-BA98-0650-DB42-A978EC3830A4}"
EndProject
Project("{FAE04EC0-301F-11D3-BF4B-00C04F79EFBC}") = "Unity.2D.Common.Runtime", "Unity.2D.Common.Runtime.csproj", "{C6648884-17F7-23D9-EBC4-D94CB2A3680E}"
EndProject
Project("{FAE04EC0-301F-11D3-BF4B-00C04F79EFBC}") = "Unity.2D.PixelPerfect", "Unity.2D.PixelPerfect.csproj", "{AEEE2BFD-157B-B6BA-F49D-DFCDD9DFA952}"
EndProject
Project("{FAE04EC0-301F-11D3-BF4B-00C04F79EFBC}") = "TankAndHealer.UltimateRadialMenu", "TankAndHealer.UltimateRadialMenu.csproj", "{ADE29EA5-18E5-AF58-A99F-230490DC6E1F}"
EndProject
Project("{FAE04EC0-301F-11D3-BF4B-00C04F79EFBC}") = "Unity.InputSystem.DocCodeSamples", "Unity.InputSystem.DocCodeSamples.csproj", "{C5B61EF2-BD5F-E6FF-35C5-E48CDD6E3F38}"
EndProject
Project("{FAE04EC0-301F-11D3-BF4B-00C04F79EFBC}") = "ScriptablePacker", "ScriptablePacker.csproj", "{6891594A-DD31-19FB-6FBD-2368F57BA472}"
EndProject
Project("{FAE04EC0-301F-11D3-BF4B-00C04F79EFBC}") = "Unity.ScriptableBuildPipeline", "Unity.ScriptableBuildPipeline.csproj", "{EAF39D46-8232-5F7B-87B1-E1C08E25CDEE}"
EndProject
Project("{FAE04EC0-301F-11D3-BF4B-00C04F79EFBC}") = "Unity.PlasticSCM.Editor.Entities", "Unity.PlasticSCM.Editor.Entities.csproj", "{E11C3ADA-6C16-03E2-69C3-B74F32A89D2F}"
EndProject
Project("{FAE04EC0-301F-11D3-BF4B-00C04F79EFBC}") = "Unity.Collections.Editor", "Unity.Collections.Editor.csproj", "{CDA7F548-8502-CED3-0175-03DAF0F9D98E}"
EndProject
Global
	GlobalSection(SolutionConfigurationPlatforms) = preSolution
		Debug|Any CPU = Debug|Any CPU
		Release|Any CPU = Release|Any CPU
	EndGlobalSection
	GlobalSection(ProjectConfigurationPlatforms) = postSolution
		{1834103F-5883-0A07-5111-8D25A047984A}.Debug|Any CPU.ActiveCfg = Debug|Any CPU
		{1834103F-5883-0A07-5111-8D25A047984A}.Debug|Any CPU.Build.0 = Debug|Any CPU
		{1834103F-5883-0A07-5111-8D25A047984A}.Release|Any CPU.ActiveCfg = Release|Any CPU
		{1834103F-5883-0A07-5111-8D25A047984A}.Release|Any CPU.Build.0 = Release|Any CPU
		{B499F58F-A6FE-31D5-6F5D-18146E06B520}.Debug|Any CPU.ActiveCfg = Debug|Any CPU
		{B499F58F-A6FE-31D5-6F5D-18146E06B520}.Debug|Any CPU.Build.0 = Debug|Any CPU
		{B499F58F-A6FE-31D5-6F5D-18146E06B520}.Release|Any CPU.ActiveCfg = Release|Any CPU
		{B499F58F-A6FE-31D5-6F5D-18146E06B520}.Release|Any CPU.Build.0 = Release|Any CPU
		{62690661-93DF-9120-040A-791C924BBD45}.Debug|Any CPU.ActiveCfg = Debug|Any CPU
		{62690661-93DF-9120-040A-791C924BBD45}.Debug|Any CPU.Build.0 = Debug|Any CPU
		{62690661-93DF-9120-040A-791C924BBD45}.Release|Any CPU.ActiveCfg = Release|Any CPU
		{62690661-93DF-9120-040A-791C924BBD45}.Release|Any CPU.Build.0 = Release|Any CPU
		{681351D7-75FE-D690-6C8D-1AE0B3A1BA69}.Debug|Any CPU.ActiveCfg = Debug|Any CPU
		{681351D7-75FE-D690-6C8D-1AE0B3A1BA69}.Debug|Any CPU.Build.0 = Debug|Any CPU
		{681351D7-75FE-D690-6C8D-1AE0B3A1BA69}.Release|Any CPU.ActiveCfg = Release|Any CPU
		{681351D7-75FE-D690-6C8D-1AE0B3A1BA69}.Release|Any CPU.Build.0 = Release|Any CPU
		{AD89084F-4101-2547-C996-0DAB0828077E}.Debug|Any CPU.ActiveCfg = Debug|Any CPU
		{AD89084F-4101-2547-C996-0DAB0828077E}.Debug|Any CPU.Build.0 = Debug|Any CPU
		{AD89084F-4101-2547-C996-0DAB0828077E}.Release|Any CPU.ActiveCfg = Release|Any CPU
		{AD89084F-4101-2547-C996-0DAB0828077E}.Release|Any CPU.Build.0 = Release|Any CPU
		{A08CF2D0-2ED5-0066-0342-2D7E83C75DEF}.Debug|Any CPU.ActiveCfg = Debug|Any CPU
		{A08CF2D0-2ED5-0066-0342-2D7E83C75DEF}.Debug|Any CPU.Build.0 = Debug|Any CPU
		{A08CF2D0-2ED5-0066-0342-2D7E83C75DEF}.Release|Any CPU.ActiveCfg = Release|Any CPU
		{A08CF2D0-2ED5-0066-0342-2D7E83C75DEF}.Release|Any CPU.Build.0 = Release|Any CPU
		{1999AE9B-7E8A-B173-9F13-E2D5089F08B8}.Debug|Any CPU.ActiveCfg = Debug|Any CPU
		{1999AE9B-7E8A-B173-9F13-E2D5089F08B8}.Debug|Any CPU.Build.0 = Debug|Any CPU
		{1999AE9B-7E8A-B173-9F13-E2D5089F08B8}.Release|Any CPU.ActiveCfg = Release|Any CPU
		{1999AE9B-7E8A-B173-9F13-E2D5089F08B8}.Release|Any CPU.Build.0 = Release|Any CPU
		{FFCA870A-F2AA-C45A-9755-6598AB81DE93}.Debug|Any CPU.ActiveCfg = Debug|Any CPU
		{FFCA870A-F2AA-C45A-9755-6598AB81DE93}.Debug|Any CPU.Build.0 = Debug|Any CPU
		{FFCA870A-F2AA-C45A-9755-6598AB81DE93}.Release|Any CPU.ActiveCfg = Release|Any CPU
		{FFCA870A-F2AA-C45A-9755-6598AB81DE93}.Release|Any CPU.Build.0 = Release|Any CPU
		{BB5A0D9E-6124-C7F6-9460-C1CBD82A4F95}.Debug|Any CPU.ActiveCfg = Debug|Any CPU
		{BB5A0D9E-6124-C7F6-9460-C1CBD82A4F95}.Debug|Any CPU.Build.0 = Debug|Any CPU
		{BB5A0D9E-6124-C7F6-9460-C1CBD82A4F95}.Release|Any CPU.ActiveCfg = Release|Any CPU
		{BB5A0D9E-6124-C7F6-9460-C1CBD82A4F95}.Release|Any CPU.Build.0 = Release|Any CPU
		{6471D92E-DAD6-1DEF-77BE-D467C8199729}.Debug|Any CPU.ActiveCfg = Debug|Any CPU
		{6471D92E-DAD6-1DEF-77BE-D467C8199729}.Debug|Any CPU.Build.0 = Debug|Any CPU
		{6471D92E-DAD6-1DEF-77BE-D467C8199729}.Release|Any CPU.ActiveCfg = Release|Any CPU
		{6471D92E-DAD6-1DEF-77BE-D467C8199729}.Release|Any CPU.Build.0 = Release|Any CPU
		{61C1967D-FC72-F8F4-26B0-57F26BCA24EB}.Debug|Any CPU.ActiveCfg = Debug|Any CPU
		{61C1967D-FC72-F8F4-26B0-57F26BCA24EB}.Debug|Any CPU.Build.0 = Debug|Any CPU
		{61C1967D-FC72-F8F4-26B0-57F26BCA24EB}.Release|Any CPU.ActiveCfg = Release|Any CPU
		{61C1967D-FC72-F8F4-26B0-57F26BCA24EB}.Release|Any CPU.Build.0 = Release|Any CPU
		{6218A409-2C9D-1E26-21BD-DFB8E5D3CE05}.Debug|Any CPU.ActiveCfg = Debug|Any CPU
		{6218A409-2C9D-1E26-21BD-DFB8E5D3CE05}.Debug|Any CPU.Build.0 = Debug|Any CPU
		{6218A409-2C9D-1E26-21BD-DFB8E5D3CE05}.Release|Any CPU.ActiveCfg = Release|Any CPU
		{6218A409-2C9D-1E26-21BD-DFB8E5D3CE05}.Release|Any CPU.Build.0 = Release|Any CPU
		{3FEE72C5-DDDA-1A6D-616A-FAD36943C64B}.Debug|Any CPU.ActiveCfg = Debug|Any CPU
		{3FEE72C5-DDDA-1A6D-616A-FAD36943C64B}.Debug|Any CPU.Build.0 = Debug|Any CPU
		{3FEE72C5-DDDA-1A6D-616A-FAD36943C64B}.Release|Any CPU.ActiveCfg = Release|Any CPU
		{3FEE72C5-DDDA-1A6D-616A-FAD36943C64B}.Release|Any CPU.Build.0 = Release|Any CPU
		{B05980DC-83FE-8426-3F9E-4E719BD9BF9A}.Debug|Any CPU.ActiveCfg = Debug|Any CPU
		{B05980DC-83FE-8426-3F9E-4E719BD9BF9A}.Debug|Any CPU.Build.0 = Debug|Any CPU
		{B05980DC-83FE-8426-3F9E-4E719BD9BF9A}.Release|Any CPU.ActiveCfg = Release|Any CPU
		{B05980DC-83FE-8426-3F9E-4E719BD9BF9A}.Release|Any CPU.Build.0 = Release|Any CPU
		{90EC13C6-B3B5-E348-317C-6BEB9FE90A9B}.Debug|Any CPU.ActiveCfg = Debug|Any CPU
		{90EC13C6-B3B5-E348-317C-6BEB9FE90A9B}.Debug|Any CPU.Build.0 = Debug|Any CPU
		{90EC13C6-B3B5-E348-317C-6BEB9FE90A9B}.Release|Any CPU.ActiveCfg = Release|Any CPU
		{90EC13C6-B3B5-E348-317C-6BEB9FE90A9B}.Release|Any CPU.Build.0 = Release|Any CPU
		{C0B8944B-381B-FDE0-EBE8-09C574FE1930}.Debug|Any CPU.ActiveCfg = Debug|Any CPU
		{C0B8944B-381B-FDE0-EBE8-09C574FE1930}.Debug|Any CPU.Build.0 = Debug|Any CPU
		{C0B8944B-381B-FDE0-EBE8-09C574FE1930}.Release|Any CPU.ActiveCfg = Release|Any CPU
		{C0B8944B-381B-FDE0-EBE8-09C574FE1930}.Release|Any CPU.Build.0 = Release|Any CPU
		{70FF8FB6-759C-9108-A885-C3D889716925}.Debug|Any CPU.ActiveCfg = Debug|Any CPU
		{70FF8FB6-759C-9108-A885-C3D889716925}.Debug|Any CPU.Build.0 = Debug|Any CPU
		{70FF8FB6-759C-9108-A885-C3D889716925}.Release|Any CPU.ActiveCfg = Release|Any CPU
		{70FF8FB6-759C-9108-A885-C3D889716925}.Release|Any CPU.Build.0 = Release|Any CPU
		{4C97FCAC-A1A9-553C-4FC5-D282248B4ED1}.Debug|Any CPU.ActiveCfg = Debug|Any CPU
		{4C97FCAC-A1A9-553C-4FC5-D282248B4ED1}.Debug|Any CPU.Build.0 = Debug|Any CPU
		{4C97FCAC-A1A9-553C-4FC5-D282248B4ED1}.Release|Any CPU.ActiveCfg = Release|Any CPU
		{4C97FCAC-A1A9-553C-4FC5-D282248B4ED1}.Release|Any CPU.Build.0 = Release|Any CPU
		{3827972B-67D8-2574-04C7-A75AD544B9BA}.Debug|Any CPU.ActiveCfg = Debug|Any CPU
		{3827972B-67D8-2574-04C7-A75AD544B9BA}.Debug|Any CPU.Build.0 = Debug|Any CPU
		{3827972B-67D8-2574-04C7-A75AD544B9BA}.Release|Any CPU.ActiveCfg = Release|Any CPU
		{3827972B-67D8-2574-04C7-A75AD544B9BA}.Release|Any CPU.Build.0 = Release|Any CPU
		{3820DFFE-3BB3-BD2F-6959-428DAECE19C2}.Debug|Any CPU.ActiveCfg = Debug|Any CPU
		{3820DFFE-3BB3-BD2F-6959-428DAECE19C2}.Debug|Any CPU.Build.0 = Debug|Any CPU
		{3820DFFE-3BB3-BD2F-6959-428DAECE19C2}.Release|Any CPU.ActiveCfg = Release|Any CPU
		{3820DFFE-3BB3-BD2F-6959-428DAECE19C2}.Release|Any CPU.Build.0 = Release|Any CPU
		{8CC92777-3D1E-E416-4D87-0E9B24AD3114}.Debug|Any CPU.ActiveCfg = Debug|Any CPU
		{8CC92777-3D1E-E416-4D87-0E9B24AD3114}.Debug|Any CPU.Build.0 = Debug|Any CPU
		{8CC92777-3D1E-E416-4D87-0E9B24AD3114}.Release|Any CPU.ActiveCfg = Release|Any CPU
		{8CC92777-3D1E-E416-4D87-0E9B24AD3114}.Release|Any CPU.Build.0 = Release|Any CPU
		{E241F99B-43D3-DF18-2A38-C1314851347F}.Debug|Any CPU.ActiveCfg = Debug|Any CPU
		{E241F99B-43D3-DF18-2A38-C1314851347F}.Debug|Any CPU.Build.0 = Debug|Any CPU
		{E241F99B-43D3-DF18-2A38-C1314851347F}.Release|Any CPU.ActiveCfg = Release|Any CPU
		{E241F99B-43D3-DF18-2A38-C1314851347F}.Release|Any CPU.Build.0 = Release|Any CPU
		{EC08F985-8C99-F872-4D3F-D21F64A56136}.Debug|Any CPU.ActiveCfg = Debug|Any CPU
		{EC08F985-8C99-F872-4D3F-D21F64A56136}.Debug|Any CPU.Build.0 = Debug|Any CPU
		{EC08F985-8C99-F872-4D3F-D21F64A56136}.Release|Any CPU.ActiveCfg = Release|Any CPU
		{EC08F985-8C99-F872-4D3F-D21F64A56136}.Release|Any CPU.Build.0 = Release|Any CPU
		{14973E7D-610C-1E18-92D8-5FE64EB51B1F}.Debug|Any CPU.ActiveCfg = Debug|Any CPU
		{14973E7D-610C-1E18-92D8-5FE64EB51B1F}.Debug|Any CPU.Build.0 = Debug|Any CPU
		{14973E7D-610C-1E18-92D8-5FE64EB51B1F}.Release|Any CPU.ActiveCfg = Release|Any CPU
		{14973E7D-610C-1E18-92D8-5FE64EB51B1F}.Release|Any CPU.Build.0 = Release|Any CPU
		{2F59A925-F422-ECD2-3343-B3DDB3A3E3B4}.Debug|Any CPU.ActiveCfg = Debug|Any CPU
		{2F59A925-F422-ECD2-3343-B3DDB3A3E3B4}.Debug|Any CPU.Build.0 = Debug|Any CPU
		{2F59A925-F422-ECD2-3343-B3DDB3A3E3B4}.Release|Any CPU.ActiveCfg = Release|Any CPU
		{2F59A925-F422-ECD2-3343-B3DDB3A3E3B4}.Release|Any CPU.Build.0 = Release|Any CPU
		{D8A07CF0-92F6-DF21-BC45-E09531490680}.Debug|Any CPU.ActiveCfg = Debug|Any CPU
		{D8A07CF0-92F6-DF21-BC45-E09531490680}.Debug|Any CPU.Build.0 = Debug|Any CPU
		{D8A07CF0-92F6-DF21-BC45-E09531490680}.Release|Any CPU.ActiveCfg = Release|Any CPU
		{D8A07CF0-92F6-DF21-BC45-E09531490680}.Release|Any CPU.Build.0 = Release|Any CPU
		{E0F79B26-ECC1-D1DF-247E-F731F46ED40C}.Debug|Any CPU.ActiveCfg = Debug|Any CPU
		{E0F79B26-ECC1-D1DF-247E-F731F46ED40C}.Debug|Any CPU.Build.0 = Debug|Any CPU
		{E0F79B26-ECC1-D1DF-247E-F731F46ED40C}.Release|Any CPU.ActiveCfg = Release|Any CPU
		{E0F79B26-ECC1-D1DF-247E-F731F46ED40C}.Release|Any CPU.Build.0 = Release|Any CPU
		{CF2B5616-176F-56FD-96F5-C8B7D3440A14}.Debug|Any CPU.ActiveCfg = Debug|Any CPU
		{CF2B5616-176F-56FD-96F5-C8B7D3440A14}.Debug|Any CPU.Build.0 = Debug|Any CPU
		{CF2B5616-176F-56FD-96F5-C8B7D3440A14}.Release|Any CPU.ActiveCfg = Release|Any CPU
		{CF2B5616-176F-56FD-96F5-C8B7D3440A14}.Release|Any CPU.Build.0 = Release|Any CPU
		{DEAEB758-AEC6-1635-32F4-ABDED28827A7}.Debug|Any CPU.ActiveCfg = Debug|Any CPU
		{DEAEB758-AEC6-1635-32F4-ABDED28827A7}.Debug|Any CPU.Build.0 = Debug|Any CPU
		{DEAEB758-AEC6-1635-32F4-ABDED28827A7}.Release|Any CPU.ActiveCfg = Release|Any CPU
		{DEAEB758-AEC6-1635-32F4-ABDED28827A7}.Release|Any CPU.Build.0 = Release|Any CPU
		{94569EBE-2811-DAB7-87F9-1B8EACB33F05}.Debug|Any CPU.ActiveCfg = Debug|Any CPU
		{94569EBE-2811-DAB7-87F9-1B8EACB33F05}.Debug|Any CPU.Build.0 = Debug|Any CPU
		{94569EBE-2811-DAB7-87F9-1B8EACB33F05}.Release|Any CPU.ActiveCfg = Release|Any CPU
		{94569EBE-2811-DAB7-87F9-1B8EACB33F05}.Release|Any CPU.Build.0 = Release|Any CPU
		{888794D5-D7EC-4F02-DD17-D8D989DB1CBF}.Debug|Any CPU.ActiveCfg = Debug|Any CPU
		{888794D5-D7EC-4F02-DD17-D8D989DB1CBF}.Debug|Any CPU.Build.0 = Debug|Any CPU
		{888794D5-D7EC-4F02-DD17-D8D989DB1CBF}.Release|Any CPU.ActiveCfg = Release|Any CPU
		{888794D5-D7EC-4F02-DD17-D8D989DB1CBF}.Release|Any CPU.Build.0 = Release|Any CPU
		{9A68212D-43A6-45AA-D195-76492FF7EC60}.Debug|Any CPU.ActiveCfg = Debug|Any CPU
		{9A68212D-43A6-45AA-D195-76492FF7EC60}.Debug|Any CPU.Build.0 = Debug|Any CPU
		{9A68212D-43A6-45AA-D195-76492FF7EC60}.Release|Any CPU.ActiveCfg = Release|Any CPU
		{9A68212D-43A6-45AA-D195-76492FF7EC60}.Release|Any CPU.Build.0 = Release|Any CPU
		{B6A1944A-43F9-1E2E-8721-4271C951C9C2}.Debug|Any CPU.ActiveCfg = Debug|Any CPU
		{B6A1944A-43F9-1E2E-8721-4271C951C9C2}.Debug|Any CPU.Build.0 = Debug|Any CPU
		{B6A1944A-43F9-1E2E-8721-4271C951C9C2}.Release|Any CPU.ActiveCfg = Release|Any CPU
		{B6A1944A-43F9-1E2E-8721-4271C951C9C2}.Release|Any CPU.Build.0 = Release|Any CPU
		{4C1EBE91-1256-A96E-ED86-48D909E15894}.Debug|Any CPU.ActiveCfg = Debug|Any CPU
		{4C1EBE91-1256-A96E-ED86-48D909E15894}.Debug|Any CPU.Build.0 = Debug|Any CPU
		{4C1EBE91-1256-A96E-ED86-48D909E15894}.Release|Any CPU.ActiveCfg = Release|Any CPU
		{4C1EBE91-1256-A96E-ED86-48D909E15894}.Release|Any CPU.Build.0 = Release|Any CPU
		{670E08F1-6D49-6F2C-852A-3E2D8792AB4B}.Debug|Any CPU.ActiveCfg = Debug|Any CPU
		{670E08F1-6D49-6F2C-852A-3E2D8792AB4B}.Debug|Any CPU.Build.0 = Debug|Any CPU
		{670E08F1-6D49-6F2C-852A-3E2D8792AB4B}.Release|Any CPU.ActiveCfg = Release|Any CPU
		{670E08F1-6D49-6F2C-852A-3E2D8792AB4B}.Release|Any CPU.Build.0 = Release|Any CPU
		{B6F1BEDD-728F-9084-57ED-865CFAB1083B}.Debug|Any CPU.ActiveCfg = Debug|Any CPU
		{B6F1BEDD-728F-9084-57ED-865CFAB1083B}.Debug|Any CPU.Build.0 = Debug|Any CPU
		{B6F1BEDD-728F-9084-57ED-865CFAB1083B}.Release|Any CPU.ActiveCfg = Release|Any CPU
		{B6F1BEDD-728F-9084-57ED-865CFAB1083B}.Release|Any CPU.Build.0 = Release|Any CPU
		{8C5E45CB-EE85-F6C0-68D8-58C84EE00EE4}.Debug|Any CPU.ActiveCfg = Debug|Any CPU
		{8C5E45CB-EE85-F6C0-68D8-58C84EE00EE4}.Debug|Any CPU.Build.0 = Debug|Any CPU
		{8C5E45CB-EE85-F6C0-68D8-58C84EE00EE4}.Release|Any CPU.ActiveCfg = Release|Any CPU
		{8C5E45CB-EE85-F6C0-68D8-58C84EE00EE4}.Release|Any CPU.Build.0 = Release|Any CPU
		{D64E9FFC-206D-0D84-3990-398060D0EBC1}.Debug|Any CPU.ActiveCfg = Debug|Any CPU
		{D64E9FFC-206D-0D84-3990-398060D0EBC1}.Debug|Any CPU.Build.0 = Debug|Any CPU
		{D64E9FFC-206D-0D84-3990-398060D0EBC1}.Release|Any CPU.ActiveCfg = Release|Any CPU
		{D64E9FFC-206D-0D84-3990-398060D0EBC1}.Release|Any CPU.Build.0 = Release|Any CPU
		{95A88F0E-5A6B-18F8-5BBA-BE157EB2723E}.Debug|Any CPU.ActiveCfg = Debug|Any CPU
		{95A88F0E-5A6B-18F8-5BBA-BE157EB2723E}.Debug|Any CPU.Build.0 = Debug|Any CPU
		{95A88F0E-5A6B-18F8-5BBA-BE157EB2723E}.Release|Any CPU.ActiveCfg = Release|Any CPU
		{95A88F0E-5A6B-18F8-5BBA-BE157EB2723E}.Release|Any CPU.Build.0 = Release|Any CPU
		{65217C3B-6966-C93D-9971-A8716020FF7F}.Debug|Any CPU.ActiveCfg = Debug|Any CPU
		{65217C3B-6966-C93D-9971-A8716020FF7F}.Debug|Any CPU.Build.0 = Debug|Any CPU
		{65217C3B-6966-C93D-9971-A8716020FF7F}.Release|Any CPU.ActiveCfg = Release|Any CPU
		{65217C3B-6966-C93D-9971-A8716020FF7F}.Release|Any CPU.Build.0 = Release|Any CPU
		{57760565-25DF-77BB-AB40-CD307AF8DC13}.Debug|Any CPU.ActiveCfg = Debug|Any CPU
		{57760565-25DF-77BB-AB40-CD307AF8DC13}.Debug|Any CPU.Build.0 = Debug|Any CPU
		{57760565-25DF-77BB-AB40-CD307AF8DC13}.Release|Any CPU.ActiveCfg = Release|Any CPU
		{57760565-25DF-77BB-AB40-CD307AF8DC13}.Release|Any CPU.Build.0 = Release|Any CPU
		{6272331C-7BD3-EF39-7AEA-78EA1A01E03A}.Debug|Any CPU.ActiveCfg = Debug|Any CPU
		{6272331C-7BD3-EF39-7AEA-78EA1A01E03A}.Debug|Any CPU.Build.0 = Debug|Any CPU
		{6272331C-7BD3-EF39-7AEA-78EA1A01E03A}.Release|Any CPU.ActiveCfg = Release|Any CPU
		{6272331C-7BD3-EF39-7AEA-78EA1A01E03A}.Release|Any CPU.Build.0 = Release|Any CPU
		{110994AC-AF8F-AA94-5A8B-02019BB36DEC}.Debug|Any CPU.ActiveCfg = Debug|Any CPU
		{110994AC-AF8F-AA94-5A8B-02019BB36DEC}.Debug|Any CPU.Build.0 = Debug|Any CPU
		{110994AC-AF8F-AA94-5A8B-02019BB36DEC}.Release|Any CPU.ActiveCfg = Release|Any CPU
		{110994AC-AF8F-AA94-5A8B-02019BB36DEC}.Release|Any CPU.Build.0 = Release|Any CPU
		{23988ECD-27C7-902D-8C24-16C661C30DAB}.Debug|Any CPU.ActiveCfg = Debug|Any CPU
		{23988ECD-27C7-902D-8C24-16C661C30DAB}.Debug|Any CPU.Build.0 = Debug|Any CPU
		{23988ECD-27C7-902D-8C24-16C661C30DAB}.Release|Any CPU.ActiveCfg = Release|Any CPU
		{23988ECD-27C7-902D-8C24-16C661C30DAB}.Release|Any CPU.Build.0 = Release|Any CPU
		{7119A2B7-8FD8-646B-75D5-E037FF1D6DB4}.Debug|Any CPU.ActiveCfg = Debug|Any CPU
		{7119A2B7-8FD8-646B-75D5-E037FF1D6DB4}.Debug|Any CPU.Build.0 = Debug|Any CPU
		{7119A2B7-8FD8-646B-75D5-E037FF1D6DB4}.Release|Any CPU.ActiveCfg = Release|Any CPU
		{7119A2B7-8FD8-646B-75D5-E037FF1D6DB4}.Release|Any CPU.Build.0 = Release|Any CPU
		{5FC172E8-916E-932B-EC55-93F450D15B0F}.Debug|Any CPU.ActiveCfg = Debug|Any CPU
		{5FC172E8-916E-932B-EC55-93F450D15B0F}.Debug|Any CPU.Build.0 = Debug|Any CPU
		{5FC172E8-916E-932B-EC55-93F450D15B0F}.Release|Any CPU.ActiveCfg = Release|Any CPU
		{5FC172E8-916E-932B-EC55-93F450D15B0F}.Release|Any CPU.Build.0 = Release|Any CPU
		{190D0734-BA46-D5DF-C22D-A16E66CC9944}.Debug|Any CPU.ActiveCfg = Debug|Any CPU
		{190D0734-BA46-D5DF-C22D-A16E66CC9944}.Debug|Any CPU.Build.0 = Debug|Any CPU
		{190D0734-BA46-D5DF-C22D-A16E66CC9944}.Release|Any CPU.ActiveCfg = Release|Any CPU
		{190D0734-BA46-D5DF-C22D-A16E66CC9944}.Release|Any CPU.Build.0 = Release|Any CPU
		{9625A156-5F93-8FD0-ED29-B5F1225D7AE8}.Debug|Any CPU.ActiveCfg = Debug|Any CPU
		{9625A156-5F93-8FD0-ED29-B5F1225D7AE8}.Debug|Any CPU.Build.0 = Debug|Any CPU
		{9625A156-5F93-8FD0-ED29-B5F1225D7AE8}.Release|Any CPU.ActiveCfg = Release|Any CPU
		{9625A156-5F93-8FD0-ED29-B5F1225D7AE8}.Release|Any CPU.Build.0 = Release|Any CPU
		{DF51E33B-F75F-9CB5-4111-8FE98A6A0BF3}.Debug|Any CPU.ActiveCfg = Debug|Any CPU
		{DF51E33B-F75F-9CB5-4111-8FE98A6A0BF3}.Debug|Any CPU.Build.0 = Debug|Any CPU
		{DF51E33B-F75F-9CB5-4111-8FE98A6A0BF3}.Release|Any CPU.ActiveCfg = Release|Any CPU
		{DF51E33B-F75F-9CB5-4111-8FE98A6A0BF3}.Release|Any CPU.Build.0 = Release|Any CPU
		{2B9AB392-CC8B-A842-0F0F-1BCC6C064138}.Debug|Any CPU.ActiveCfg = Debug|Any CPU
		{2B9AB392-CC8B-A842-0F0F-1BCC6C064138}.Debug|Any CPU.Build.0 = Debug|Any CPU
		{2B9AB392-CC8B-A842-0F0F-1BCC6C064138}.Release|Any CPU.ActiveCfg = Release|Any CPU
		{2B9AB392-CC8B-A842-0F0F-1BCC6C064138}.Release|Any CPU.Build.0 = Release|Any CPU
		{BA9F15A4-2AA4-77CA-E645-138EE4886D38}.Debug|Any CPU.ActiveCfg = Debug|Any CPU
		{BA9F15A4-2AA4-77CA-E645-138EE4886D38}.Debug|Any CPU.Build.0 = Debug|Any CPU
		{BA9F15A4-2AA4-77CA-E645-138EE4886D38}.Release|Any CPU.ActiveCfg = Release|Any CPU
		{BA9F15A4-2AA4-77CA-E645-138EE4886D38}.Release|Any CPU.Build.0 = Release|Any CPU
		{45F25025-7F10-B9FD-5A21-6605E95BA6B0}.Debug|Any CPU.ActiveCfg = Debug|Any CPU
		{45F25025-7F10-B9FD-5A21-6605E95BA6B0}.Debug|Any CPU.Build.0 = Debug|Any CPU
		{45F25025-7F10-B9FD-5A21-6605E95BA6B0}.Release|Any CPU.ActiveCfg = Release|Any CPU
		{45F25025-7F10-B9FD-5A21-6605E95BA6B0}.Release|Any CPU.Build.0 = Release|Any CPU
		{9B567079-6673-7E94-D2E2-18E9B213FA56}.Debug|Any CPU.ActiveCfg = Debug|Any CPU
		{9B567079-6673-7E94-D2E2-18E9B213FA56}.Debug|Any CPU.Build.0 = Debug|Any CPU
		{9B567079-6673-7E94-D2E2-18E9B213FA56}.Release|Any CPU.ActiveCfg = Release|Any CPU
		{9B567079-6673-7E94-D2E2-18E9B213FA56}.Release|Any CPU.Build.0 = Release|Any CPU
		{39E24F33-BA4F-3591-A6C3-0E8CE89AD4DE}.Debug|Any CPU.ActiveCfg = Debug|Any CPU
		{39E24F33-BA4F-3591-A6C3-0E8CE89AD4DE}.Debug|Any CPU.Build.0 = Debug|Any CPU
		{39E24F33-BA4F-3591-A6C3-0E8CE89AD4DE}.Release|Any CPU.ActiveCfg = Release|Any CPU
		{39E24F33-BA4F-3591-A6C3-0E8CE89AD4DE}.Release|Any CPU.Build.0 = Release|Any CPU
		{B6D7E36E-EA73-2E96-3AF7-0BC83F5AD0D4}.Debug|Any CPU.ActiveCfg = Debug|Any CPU
		{B6D7E36E-EA73-2E96-3AF7-0BC83F5AD0D4}.Debug|Any CPU.Build.0 = Debug|Any CPU
		{B6D7E36E-EA73-2E96-3AF7-0BC83F5AD0D4}.Release|Any CPU.ActiveCfg = Release|Any CPU
		{B6D7E36E-EA73-2E96-3AF7-0BC83F5AD0D4}.Release|Any CPU.Build.0 = Release|Any CPU
		{AE7362BA-78F6-0775-5C2C-EC5A7CE6C0C7}.Debug|Any CPU.ActiveCfg = Debug|Any CPU
		{AE7362BA-78F6-0775-5C2C-EC5A7CE6C0C7}.Debug|Any CPU.Build.0 = Debug|Any CPU
		{AE7362BA-78F6-0775-5C2C-EC5A7CE6C0C7}.Release|Any CPU.ActiveCfg = Release|Any CPU
		{AE7362BA-78F6-0775-5C2C-EC5A7CE6C0C7}.Release|Any CPU.Build.0 = Release|Any CPU
		{E6E79FF3-D5CC-08CA-3691-1A2A26C81485}.Debug|Any CPU.ActiveCfg = Debug|Any CPU
		{E6E79FF3-D5CC-08CA-3691-1A2A26C81485}.Debug|Any CPU.Build.0 = Debug|Any CPU
		{E6E79FF3-D5CC-08CA-3691-1A2A26C81485}.Release|Any CPU.ActiveCfg = Release|Any CPU
		{E6E79FF3-D5CC-08CA-3691-1A2A26C81485}.Release|Any CPU.Build.0 = Release|Any CPU
		{B8A9A96B-EB32-7DEF-B5A6-CF162A25E1ED}.Debug|Any CPU.ActiveCfg = Debug|Any CPU
		{B8A9A96B-EB32-7DEF-B5A6-CF162A25E1ED}.Debug|Any CPU.Build.0 = Debug|Any CPU
		{B8A9A96B-EB32-7DEF-B5A6-CF162A25E1ED}.Release|Any CPU.ActiveCfg = Release|Any CPU
		{B8A9A96B-EB32-7DEF-B5A6-CF162A25E1ED}.Release|Any CPU.Build.0 = Release|Any CPU
		{BF6AEDB9-CD55-FD2D-8359-0F3C645F8456}.Debug|Any CPU.ActiveCfg = Debug|Any CPU
		{BF6AEDB9-CD55-FD2D-8359-0F3C645F8456}.Debug|Any CPU.Build.0 = Debug|Any CPU
		{BF6AEDB9-CD55-FD2D-8359-0F3C645F8456}.Release|Any CPU.ActiveCfg = Release|Any CPU
		{BF6AEDB9-CD55-FD2D-8359-0F3C645F8456}.Release|Any CPU.Build.0 = Release|Any CPU
		{D54599BD-02AE-ECA7-6587-1D49C4560114}.Debug|Any CPU.ActiveCfg = Debug|Any CPU
		{D54599BD-02AE-ECA7-6587-1D49C4560114}.Debug|Any CPU.Build.0 = Debug|Any CPU
		{D54599BD-02AE-ECA7-6587-1D49C4560114}.Release|Any CPU.ActiveCfg = Release|Any CPU
		{D54599BD-02AE-ECA7-6587-1D49C4560114}.Release|Any CPU.Build.0 = Release|Any CPU
		{4EC90E7F-AFDF-22FD-C416-7E0735B722A0}.Debug|Any CPU.ActiveCfg = Debug|Any CPU
		{4EC90E7F-AFDF-22FD-C416-7E0735B722A0}.Debug|Any CPU.Build.0 = Debug|Any CPU
		{4EC90E7F-AFDF-22FD-C416-7E0735B722A0}.Release|Any CPU.ActiveCfg = Release|Any CPU
		{4EC90E7F-AFDF-22FD-C416-7E0735B722A0}.Release|Any CPU.Build.0 = Release|Any CPU
		{EAAD23BC-27A7-78B2-9B8A-1D6932B7E7B4}.Debug|Any CPU.ActiveCfg = Debug|Any CPU
		{EAAD23BC-27A7-78B2-9B8A-1D6932B7E7B4}.Debug|Any CPU.Build.0 = Debug|Any CPU
		{EAAD23BC-27A7-78B2-9B8A-1D6932B7E7B4}.Release|Any CPU.ActiveCfg = Release|Any CPU
		{EAAD23BC-27A7-78B2-9B8A-1D6932B7E7B4}.Release|Any CPU.Build.0 = Release|Any CPU
		{E8F091A8-D56F-735E-349F-DF1E8E276171}.Debug|Any CPU.ActiveCfg = Debug|Any CPU
		{E8F091A8-D56F-735E-349F-DF1E8E276171}.Debug|Any CPU.Build.0 = Debug|Any CPU
		{E8F091A8-D56F-735E-349F-DF1E8E276171}.Release|Any CPU.ActiveCfg = Release|Any CPU
		{E8F091A8-D56F-735E-349F-DF1E8E276171}.Release|Any CPU.Build.0 = Release|Any CPU
		{27C8E67C-4F13-4B68-FEBE-95ED96A31905}.Debug|Any CPU.ActiveCfg = Debug|Any CPU
		{27C8E67C-4F13-4B68-FEBE-95ED96A31905}.Debug|Any CPU.Build.0 = Debug|Any CPU
		{27C8E67C-4F13-4B68-FEBE-95ED96A31905}.Release|Any CPU.ActiveCfg = Release|Any CPU
		{27C8E67C-4F13-4B68-FEBE-95ED96A31905}.Release|Any CPU.Build.0 = Release|Any CPU
		{9E583D12-C73C-7ECD-45C3-959963921273}.Debug|Any CPU.ActiveCfg = Debug|Any CPU
		{9E583D12-C73C-7ECD-45C3-959963921273}.Debug|Any CPU.Build.0 = Debug|Any CPU
		{9E583D12-C73C-7ECD-45C3-959963921273}.Release|Any CPU.ActiveCfg = Release|Any CPU
		{9E583D12-C73C-7ECD-45C3-959963921273}.Release|Any CPU.Build.0 = Release|Any CPU
		{A6D0AF31-F721-03DF-91A8-CC0F4412D82E}.Debug|Any CPU.ActiveCfg = Debug|Any CPU
		{A6D0AF31-F721-03DF-91A8-CC0F4412D82E}.Debug|Any CPU.Build.0 = Debug|Any CPU
		{A6D0AF31-F721-03DF-91A8-CC0F4412D82E}.Release|Any CPU.ActiveCfg = Release|Any CPU
		{A6D0AF31-F721-03DF-91A8-CC0F4412D82E}.Release|Any CPU.Build.0 = Release|Any CPU
		{9E2EA6C3-BA98-0650-DB42-A978EC3830A4}.Debug|Any CPU.ActiveCfg = Debug|Any CPU
		{9E2EA6C3-BA98-0650-DB42-A978EC3830A4}.Debug|Any CPU.Build.0 = Debug|Any CPU
		{9E2EA6C3-BA98-0650-DB42-A978EC3830A4}.Release|Any CPU.ActiveCfg = Release|Any CPU
		{9E2EA6C3-BA98-0650-DB42-A978EC3830A4}.Release|Any CPU.Build.0 = Release|Any CPU
		{C6648884-17F7-23D9-EBC4-D94CB2A3680E}.Debug|Any CPU.ActiveCfg = Debug|Any CPU
		{C6648884-17F7-23D9-EBC4-D94CB2A3680E}.Debug|Any CPU.Build.0 = Debug|Any CPU
		{C6648884-17F7-23D9-EBC4-D94CB2A3680E}.Release|Any CPU.ActiveCfg = Release|Any CPU
		{C6648884-17F7-23D9-EBC4-D94CB2A3680E}.Release|Any CPU.Build.0 = Release|Any CPU
		{AEEE2BFD-157B-B6BA-F49D-DFCDD9DFA952}.Debug|Any CPU.ActiveCfg = Debug|Any CPU
		{AEEE2BFD-157B-B6BA-F49D-DFCDD9DFA952}.Debug|Any CPU.Build.0 = Debug|Any CPU
		{AEEE2BFD-157B-B6BA-F49D-DFCDD9DFA952}.Release|Any CPU.ActiveCfg = Release|Any CPU
		{AEEE2BFD-157B-B6BA-F49D-DFCDD9DFA952}.Release|Any CPU.Build.0 = Release|Any CPU
		{ADE29EA5-18E5-AF58-A99F-230490DC6E1F}.Debug|Any CPU.ActiveCfg = Debug|Any CPU
		{ADE29EA5-18E5-AF58-A99F-230490DC6E1F}.Debug|Any CPU.Build.0 = Debug|Any CPU
		{ADE29EA5-18E5-AF58-A99F-230490DC6E1F}.Release|Any CPU.ActiveCfg = Release|Any CPU
		{ADE29EA5-18E5-AF58-A99F-230490DC6E1F}.Release|Any CPU.Build.0 = Release|Any CPU
		{C5B61EF2-BD5F-E6FF-35C5-E48CDD6E3F38}.Debug|Any CPU.ActiveCfg = Debug|Any CPU
		{C5B61EF2-BD5F-E6FF-35C5-E48CDD6E3F38}.Debug|Any CPU.Build.0 = Debug|Any CPU
		{C5B61EF2-BD5F-E6FF-35C5-E48CDD6E3F38}.Release|Any CPU.ActiveCfg = Release|Any CPU
		{C5B61EF2-BD5F-E6FF-35C5-E48CDD6E3F38}.Release|Any CPU.Build.0 = Release|Any CPU
		{6891594A-DD31-19FB-6FBD-2368F57BA472}.Debug|Any CPU.ActiveCfg = Debug|Any CPU
		{6891594A-DD31-19FB-6FBD-2368F57BA472}.Debug|Any CPU.Build.0 = Debug|Any CPU
		{6891594A-DD31-19FB-6FBD-2368F57BA472}.Release|Any CPU.ActiveCfg = Release|Any CPU
		{6891594A-DD31-19FB-6FBD-2368F57BA472}.Release|Any CPU.Build.0 = Release|Any CPU
		{EAF39D46-8232-5F7B-87B1-E1C08E25CDEE}.Debug|Any CPU.ActiveCfg = Debug|Any CPU
		{EAF39D46-8232-5F7B-87B1-E1C08E25CDEE}.Debug|Any CPU.Build.0 = Debug|Any CPU
		{EAF39D46-8232-5F7B-87B1-E1C08E25CDEE}.Release|Any CPU.ActiveCfg = Release|Any CPU
		{EAF39D46-8232-5F7B-87B1-E1C08E25CDEE}.Release|Any CPU.Build.0 = Release|Any CPU
		{E11C3ADA-6C16-03E2-69C3-B74F32A89D2F}.Debug|Any CPU.ActiveCfg = Debug|Any CPU
		{E11C3ADA-6C16-03E2-69C3-B74F32A89D2F}.Debug|Any CPU.Build.0 = Debug|Any CPU
		{E11C3ADA-6C16-03E2-69C3-B74F32A89D2F}.Release|Any CPU.ActiveCfg = Release|Any CPU
		{E11C3ADA-6C16-03E2-69C3-B74F32A89D2F}.Release|Any CPU.Build.0 = Release|Any CPU
		{CDA7F548-8502-CED3-0175-03DAF0F9D98E}.Debug|Any CPU.ActiveCfg = Debug|Any CPU
		{CDA7F548-8502-CED3-0175-03DAF0F9D98E}.Debug|Any CPU.Build.0 = Debug|Any CPU
		{CDA7F548-8502-CED3-0175-03DAF0F9D98E}.Release|Any CPU.ActiveCfg = Release|Any CPU
		{CDA7F548-8502-CED3-0175-03DAF0F9D98E}.Release|Any CPU.Build.0 = Release|Any CPU
	EndGlobalSection
	GlobalSection(SolutionProperties) = preSolution
		HideSolutionNode = FALSE
	EndGlobalSection
EndGlobal
